// !$*UTF8*$!
{
	archiveVersion = 1;
	classes = {
	};
	objectVersion = 46;
	objects = {

/* Begin PBXBuildFile section */
		3DE0F47B1CAA61AC0077D0EF /* main.m in Sources */ = {isa = PBXBuildFile; fileRef = 3DE0F47A1CAA61AC0077D0EF /* main.m */; };
		3DE0F47E1CAA61AC0077D0EF /* AppDelegate.m in Sources */ = {isa = PBXBuildFile; fileRef = 3DE0F47D1CAA61AC0077D0EF /* AppDelegate.m */; };
		3DE0F4811CAA61AC0077D0EF /* ViewController.m in Sources */ = {isa = PBXBuildFile; fileRef = 3DE0F4801CAA61AC0077D0EF /* ViewController.m */; };
		3DE0F4841CAA61AC0077D0EF /* Main.storyboard in Resources */ = {isa = PBXBuildFile; fileRef = 3DE0F4821CAA61AC0077D0EF /* Main.storyboard */; };
		3DE0F4861CAA61AC0077D0EF /* Assets.xcassets in Resources */ = {isa = PBXBuildFile; fileRef = 3DE0F4851CAA61AC0077D0EF /* Assets.xcassets */; };
		3DE0F4891CAA61AC0077D0EF /* LaunchScreen.storyboard in Resources */ = {isa = PBXBuildFile; fileRef = 3DE0F4871CAA61AC0077D0EF /* LaunchScreen.storyboard */; };
/* End PBXBuildFile section */

/* Begin PBXFileReference section */
		3DE0F4761CAA61AC0077D0EF /* Day6HW_Caculator.app */ = {isa = PBXFileReference; explicitFileType = wrapper.application; includeInIndex = 0; path = Day6HW_Caculator.app; sourceTree = BUILT_PRODUCTS_DIR; };
		3DE0F47A1CAA61AC0077D0EF /* main.m */ = {isa = PBXFileReference; lastKnownFileType = sourcecode.c.objc; path = main.m; sourceTree = "<group>"; };
		3DE0F47C1CAA61AC0077D0EF /* AppDelegate.h */ = {isa = PBXFileReference; lastKnownFileType = sourcecode.c.h; path = AppDelegate.h; sourceTree = "<group>"; };
		3DE0F47D1CAA61AC0077D0EF /* AppDelegate.m */ = {isa = PBXFileReference; lastKnownFileType = sourcecode.c.objc; path = AppDelegate.m; sourceTree = "<group>"; };
		3DE0F47F1CAA61AC0077D0EF /* ViewController.h */ = {isa = PBXFileReference; lastKnownFileType = sourcecode.c.h; path = ViewController.h; sourceTree = "<group>"; };
		3DE0F4801CAA61AC0077D0EF /* ViewController.m */ = {isa = PBXFileReference; lastKnownFileType = sourcecode.c.objc; path = ViewController.m; sourceTree = "<group>"; };
		3DE0F4831CAA61AC0077D0EF /* Base */ = {isa = PBXFileReference; lastKnownFileType = file.storyboard; name = Base; path = Base.lproj/Main.storyboard; sourceTree = "<group>"; };
		3DE0F4851CAA61AC0077D0EF /* Assets.xcassets */ = {isa = PBXFileReference; lastKnownFileType = folder.assetcatalog; path = Assets.xcassets; sourceTree = "<group>"; };
		3DE0F4881CAA61AC0077D0EF /* Base */ = {isa = PBXFileReference; lastKnownFileType = file.storyboard; name = Base; path = Base.lproj/LaunchScreen.storyboard; sourceTree = "<group>"; };
		3DE0F48A1CAA61AC0077D0EF /* Info.plist */ = {isa = PBXFileReference; lastKnownFileType = text.plist.xml; path = Info.plist; sourceTree = "<group>"; };
/* End PBXFileReference section */

/* Begin PBXFrameworksBuildPhase section */
		3DE0F4731CAA61AC0077D0EF /* Frameworks */ = {
			isa = PBXFrameworksBuildPhase;
			buildActionMask = 2147483647;
			files = (
			);
			runOnlyForDeploymentPostprocessing = 0;
		};
/* End PBXFrameworksBuildPhase section */

/* Begin PBXGroup section */
		3DE0F46D1CAA61AC0077D0EF = {
			isa = PBXGroup;
			children = (
				3DE0F4781CAA61AC0077D0EF /* Day6HW_Caculator */,
				3DE0F4771CAA61AC0077D0EF /* Products */,
			);
			sourceTree = "<group>";
		};
		3DE0F4771CAA61AC0077D0EF /* Products */ = {
			isa = PBXGroup;
			children = (
				3DE0F4761CAA61AC0077D0EF /* Day6HW_Caculator.app */,
			);
			name = Products;
			sourceTree = "<group>";
		};
		3DE0F4781CAA61AC0077D0EF /* Day6HW_Caculator */ = {
			isa = PBXGroup;
			children = (
				3DE0F47C1CAA61AC0077D0EF /* AppDelegate.h */,
				3DE0F47D1CAA61AC0077D0EF /* AppDelegate.m */,
				3DE0F47F1CAA61AC0077D0EF /* ViewController.h */,
				3DE0F4801CAA61AC0077D0EF /* ViewController.m */,
				3DE0F4821CAA61AC0077D0EF /* Main.storyboard */,
				3DE0F4851CAA61AC0077D0EF /* Assets.xcassets */,
				3DE0F4871CAA61AC0077D0EF /* LaunchScreen.storyboard */,
				3DE0F48A1CAA61AC0077D0EF /* Info.plist */,
				3DE0F4791CAA61AC0077D0EF /* Supporting Files */,
			);
			path = Day6HW_Caculator;
			sourceTree = "<group>";
		};
		3DE0F4791CAA61AC0077D0EF /* Supporting Files */ = {
			isa = PBXGroup;
			children = (
				3DE0F47A1CAA61AC0077D0EF /* main.m */,
			);
			name = "Supporting Files";
			sourceTree = "<group>";
		};
/* End PBXGroup section */

/* Begin PBXNativeTarget section */
		3DE0F4751CAA61AC0077D0EF /* Day6HW_Caculator */ = {
			isa = PBXNativeTarget;
			buildConfigurationList = 3DE0F48D1CAA61AC0077D0EF /* Build configuration list for PBXNativeTarget "Day6HW_Caculator" */;
			buildPhases = (
				3DE0F4721CAA61AC0077D0EF /* Sources */,
				3DE0F4731CAA61AC0077D0EF /* Frameworks */,
				3DE0F4741CAA61AC0077D0EF /* Resources */,
			);
			buildRules = (
			);
			dependencies = (
			);
			name = Day6HW_Caculator;
			productName = Day6HW_Caculator;
			productReference = 3DE0F4761CAA61AC0077D0EF /* Day6HW_Caculator.app */;
			productType = "com.apple.product-type.application";
		};
/* End PBXNativeTarget section */

/* Begin PBXProject section */
		3DE0F46E1CAA61AC0077D0EF /* Project object */ = {
			isa = PBXProject;
			attributes = {
				LastUpgradeCheck = 0730;
				ORGANIZATIONNAME = "Emily Hu";
				TargetAttributes = {
					3DE0F4751CAA61AC0077D0EF = {
						CreatedOnToolsVersion = 7.3;
					};
				};
			};
			buildConfigurationList = 3DE0F4711CAA61AC0077D0EF /* Build configuration list for PBXProject "Day6HW_Caculator" */;
			compatibilityVersion = "Xcode 3.2";
			developmentRegion = English;
			hasScannedForEncodings = 0;
			knownRegions = (
				en,
				Base,
			);
			mainGroup = 3DE0F46D1CAA61AC0077D0EF;
			productRefGroup = 3DE0F4771CAA61AC0077D0EF /* Products */;
			projectDirPath = "";
			projectRoot = "";
			targets = (
				3DE0F4751CAA61AC0077D0EF /* Day6HW_Caculator */,
			);
		};
/* End PBXProject section */

/* Begin PBXResourcesBuildPhase section */
		3DE0F4741CAA61AC0077D0EF /* Resources */ = {
			isa = PBXResourcesBuildPhase;
			buildActionMask = 2147483647;
			files = (
				3DE0F4891CAA61AC0077D0EF /* LaunchScreen.storyboard in Resources */,
				3DE0F4861CAA61AC0077D0EF /* Assets.xcassets in Resources */,
				3DE0F4841CAA61AC0077D0EF /* Main.storyboard in Resources */,
			);
			runOnlyForDeploymentPostprocessing = 0;
		};
/* End PBXResourcesBuildPhase section */

/* Begin PBXSourcesBuildPhase section */
		3DE0F4721CAA61AC0077D0EF /* Sources */ = {
			isa = PBXSourcesBuildPhase;
			buildActionMask = 2147483647;
			files = (
				3DE0F4811CAA61AC0077D0EF /* ViewController.m in Sources */,
				3DE0F47E1CAA61AC0077D0EF /* AppDelegate.m in Sources */,
				3DE0F47B1CAA61AC0077D0EF /* main.m in Sources */,
			);
			runOnlyForDeploymentPostprocessing = 0;
		};
/* End PBXSourcesBuildPhase section */

/* Begin PBXVariantGroup section */
		3DE0F4821CAA61AC0077D0EF /* Main.storyboard */ = {
			isa = PBXVariantGroup;
			children = (
				3DE0F4831CAA61AC0077D0EF /* Base */,
			);
			name = Main.storyboard;
			sourceTree = "<group>";
		};
		3DE0F4871CAA61AC0077D0EF /* LaunchScreen.storyboard */ = {
			isa = PBXVariantGroup;
			children = (
				3DE0F4881CAA61AC0077D0EF /* Base */,
			);
			name = LaunchScreen.storyboard;
			sourceTree = "<group>";
		};
/* End PBXVariantGroup section */

/* Begin XCBuildConfiguration section */
		3DE0F48B1CAA61AC0077D0EF /* Debug */ = {
			isa = XCBuildConfiguration;
			buildSettings = {
				ALWAYS_SEARCH_USER_PATHS = NO;
				CLANG_ANALYZER_NONNULL = YES;
				CLANG_CXX_LANGUAGE_STANDARD = "gnu++0x";
				CLANG_CXX_LIBRARY = "libc++";
				CLANG_ENABLE_MODULES = YES;
				CLANG_ENABLE_OBJC_ARC = YES;
				CLANG_WARN_BOOL_CONVERSION = YES;
				CLANG_WARN_CONSTANT_CONVERSION = YES;
				CLANG_WARN_DIRECT_OBJC_ISA_USAGE = YES_ERROR;
				CLANG_WARN_EMPTY_BODY = YES;
				CLANG_WARN_ENUM_CONVERSION = YES;
				CLANG_WARN_INT_CONVERSION = YES;
				CLANG_WARN_OBJC_ROOT_CLASS = YES_ERROR;
				CLANG_WARN_UNREACHABLE_CODE = YES;
				CLANG_WARN__DUPLICATE_METHOD_MATCH = YES;
				"CODE_SIGN_IDENTITY[sdk=iphoneos*]" = "iPhone Developer";
				COPY_PHASE_STRIP = NO;
				DEBUG_INFORMATION_FORMAT = dwarf;
				ENABLE_STRICT_OBJC_MSGSEND = YES;
				ENABLE_TESTABILITY = YES;
				GCC_C_LANGUAGE_STANDARD = gnu99;
				GCC_DYNAMIC_NO_PIC = NO;
				GCC_NO_COMMON_BLOCKS = YES;
				GCC_OPTIMIZATION_LEVEL = 0;
				GCC_PREPROCESSOR_DEFINITIONS = (
					"DEBUG=1",
					"$(inherited)",
				);
				GCC_WARN_64_TO_32_BIT_CONVERSION = YES;
				GCC_WARN_ABOUT_RETURN_TYPE = YES_ERROR;
				GCC_WARN_UNDECLARED_SELECTOR = YES;
				GCC_WARN_UNINITIALIZED_AUTOS = YES_AGGRESSIVE;
				GCC_WARN_UNUSED_FUNCTION = YES;
				GCC_WARN_UNUSED_VARIABLE = YES;
				IPHONEOS_DEPLOYMENT_TARGET = 9.3;
				MTL_ENABLE_DEBUG_INFO = YES;
				ONLY_ACTIVE_ARCH = YES;
				SDKROOT = iphoneos;
				TARGETED_DEVICE_FAMILY = "1,2";
			};
			name = Debug;
		};
		3DE0F48C1CAA61AC0077D0EF /* Release */ = {
			isa = XCBuildConfiguration;
			buildSettings = {
				ALWAYS_SEARCH_USER_PATHS = NO;
				CLANG_ANALYZER_NONNULL = YES;
				CLANG_CXX_LANGUAGE_STANDARD = "gnu++0x";
				CLANG_CXX_LIBRARY = "libc++";
				CLANG_ENABLE_MODULES = YES;
				CLANG_ENABLE_OBJC_ARC = YES;
				CLANG_WARN_BOOL_CONVERSION = YES;
				CLANG_WARN_CONSTANT_CONVERSION = YES;
				CLANG_WARN_DIRECT_OBJC_ISA_USAGE = YES_ERROR;
				CLANG_WARN_EMPTY_BODY = YES;
				CLANG_WARN_ENUM_CONVERSION = YES;
				CLANG_WARN_INT_CONVERSION = YES;
				CLANG_WARN_OBJC_ROOT_CLASS = YES_ERROR;
				CLANG_WARN_UNREACHABLE_CODE = YES;
				CLANG_WARN__DUPLICATE_METHOD_MATCH = YES;
				"CODE_SIGN_IDENTITY[sdk=iphoneos*]" = "iPhone Developer";
				COPY_PHASE_STRIP = NO;
				DEBUG_INFORMATION_FORMAT = "dwarf-with-dsym";
				ENABLE_NS_ASSERTIONS = NO;
				ENABLE_STRICT_OBJC_MSGSEND = YES;
				GCC_C_LANGUAGE_STANDARD = gnu99;
				GCC_NO_COMMON_BLOCKS = YES;
				GCC_WARN_64_TO_32_BIT_CONVERSION = YES;
				GCC_WARN_ABOUT_RETURN_TYPE = YES_ERROR;
				GCC_WARN_UNDECLARED_SELECTOR = YES;
				GCC_WARN_UNINITIALIZED_AUTOS = YES_AGGRESSIVE;
				GCC_WARN_UNUSED_FUNCTION = YES;
				GCC_WARN_UNUSED_VARIABLE = YES;
				IPHONEOS_DEPLOYMENT_TARGET = 9.3;
				MTL_ENABLE_DEBUG_INFO = NO;
				SDKROOT = iphoneos;
				TARGETED_DEVICE_FAMILY = "1,2";
				VALIDATE_PRODUCT = YES;
			};
			name = Release;
		};
		3DE0F48E1CAA61AC0077D0EF /* Debug */ = {
			isa = XCBuildConfiguration;
			buildSettings = {
				ASSETCATALOG_COMPILER_APPICON_NAME = AppIcon;
				INFOPLIST_FILE = Day6HW_Caculator/Info.plist;
				LD_RUNPATH_SEARCH_PATHS = "$(inherited) @executable_path/Frameworks";
				PRODUCT_BUNDLE_IDENTIFIER = "com.Day6HW-Caculator";
				PRODUCT_NAME = "$(TARGET_NAME)";
			};
			name = Debug;
		};
		3DE0F48F1CAA61AC0077D0EF /* Release */ = {
			isa = XCBuildConfiguration;
			buildSettings = {
				ASSETCATALOG_COMPILER_APPICON_NAME = AppIcon;
				INFOPLIST_FILE = Day6HW_Caculator/Info.plist;
				LD_RUNPATH_SEARCH_PATHS = "$(inherited) @executable_path/Frameworks";
				PRODUCT_BUNDLE_IDENTIFIER = "com.Day6HW-Caculator";
				PRODUCT_NAME = "$(TARGET_NAME)";
			};
			name = Release;
		};
/* End XCBuildConfiguration section */

/* Begin XCConfigurationList section */
		3DE0F4711CAA61AC0077D0EF /* Build configuration list for PBXProject "Day6HW_Caculator" */ = {
			isa = XCConfigurationList;
			buildConfigurations = (
				3DE0F48B1CAA61AC0077D0EF /* Debug */,
				3DE0F48C1CAA61AC0077D0EF /* Release */,
			);
			defaultConfigurationIsVisible = 0;
			defaultConfigurationName = Release;
		};
		3DE0F48D1CAA61AC0077D0EF /* Build configuration list for PBXNativeTarget "Day6HW_Caculator" */ = {
			isa = XCConfigurationList;
			buildConfigurations = (
				3DE0F48E1CAA61AC0077D0EF /* Debug */,
				3DE0F48F1CAA61AC0077D0EF /* Release */,
			);
			defaultConfigurationIsVisible = 0;
		};
/* End XCConfigurationList section */
	};
	rootObject = 3DE0F46E1CAA61AC0077D0EF /* Project object */;
}
